// !$*UTF8*$!
{
	archiveVersion = 1;
	classes = {
	};
	objectVersion = 46;
	objects = {

/* Begin PBXBuildFile section */
		364E3E401D794236001E98BC /* XJComposeViewController.swift in Sources */ = {isa = PBXBuildFile; fileRef = 364E3E3F1D794236001E98BC /* XJComposeViewController.swift */; };
		3689D9761D7AC8E7002F8147 /* Emoticons.bundle in Resources */ = {isa = PBXBuildFile; fileRef = 3689D9711D7AC8E7002F8147 /* Emoticons.bundle */; };
		3689D9771D7AC8E7002F8147 /* UITextView+Category.swift in Sources */ = {isa = PBXBuildFile; fileRef = 3689D9721D7AC8E7002F8147 /* UITextView+Category.swift */; };
		3689D9781D7AC8E7002F8147 /* XJEmoticonPackage.swift in Sources */ = {isa = PBXBuildFile; fileRef = 3689D9731D7AC8E7002F8147 /* XJEmoticonPackage.swift */; };
		3689D9791D7AC8E7002F8147 /* XJEmoticonTextAttachment.swift in Sources */ = {isa = PBXBuildFile; fileRef = 3689D9741D7AC8E7002F8147 /* XJEmoticonTextAttachment.swift */; };
		3689D97A1D7AC8E7002F8147 /* XJEmoticonViewController.swift in Sources */ = {isa = PBXBuildFile; fileRef = 3689D9751D7AC8E7002F8147 /* XJEmoticonViewController.swift */; };
		368CCE4F1D767ACC000AB800 /* XJWelcomeViewController.swift in Sources */ = {isa = PBXBuildFile; fileRef = 368CCE4E1D767ACC000AB800 /* XJWelcomeViewController.swift */; };
		368CCE511D769E0D000AB800 /* XJStatus.swift in Sources */ = {isa = PBXBuildFile; fileRef = 368CCE501D769E0D000AB800 /* XJStatus.swift */; };
		368CCE531D76B310000AB800 /* XJUser.swift in Sources */ = {isa = PBXBuildFile; fileRef = 368CCE521D76B310000AB800 /* XJUser.swift */; };
		368CCE551D76BDAF000AB800 /* XJStatusTableViewCell.swift in Sources */ = {isa = PBXBuildFile; fileRef = 368CCE541D76BDAF000AB800 /* XJStatusTableViewCell.swift */; };
		368CCE571D76E31C000AB800 /* UILabel+XJExtension.swift in Sources */ = {isa = PBXBuildFile; fileRef = 368CCE561D76E31C000AB800 /* UILabel+XJExtension.swift */; };
		368CCE591D76E352000AB800 /* XJUIButton+XJExtension.swift in Sources */ = {isa = PBXBuildFile; fileRef = 368CCE581D76E352000AB800 /* XJUIButton+XJExtension.swift */; };
		368CCE5B1D77047B000AB800 /* NSDate+XJExtension.swift in Sources */ = {isa = PBXBuildFile; fileRef = 368CCE5A1D77047B000AB800 /* NSDate+XJExtension.swift */; };
		36A73E221D6FDECA00D2DC85 /* AppDelegate.swift in Sources */ = {isa = PBXBuildFile; fileRef = 36A73E211D6FDECA00D2DC85 /* AppDelegate.swift */; };
		36A73E291D6FDECA00D2DC85 /* Assets.xcassets in Resources */ = {isa = PBXBuildFile; fileRef = 36A73E281D6FDECA00D2DC85 /* Assets.xcassets */; };
		36A73E371D6FDECA00D2DC85 /* XJWeiboTests.swift in Sources */ = {isa = PBXBuildFile; fileRef = 36A73E361D6FDECA00D2DC85 /* XJWeiboTests.swift */; };
		36A73E421D6FDECA00D2DC85 /* XJWeiboUITests.swift in Sources */ = {isa = PBXBuildFile; fileRef = 36A73E411D6FDECA00D2DC85 /* XJWeiboUITests.swift */; };
		36A73E961D6FEFA400D2DC85 /* XJMainViewController.swift in Sources */ = {isa = PBXBuildFile; fileRef = 36A73E951D6FEFA400D2DC85 /* XJMainViewController.swift */; };
		36A73E981D6FEFE000D2DC85 /* XJHomeTableViewController.swift in Sources */ = {isa = PBXBuildFile; fileRef = 36A73E971D6FEFE000D2DC85 /* XJHomeTableViewController.swift */; };
		36A73E9A1D6FF06600D2DC85 /* XJDiscoverTableViewController.swift in Sources */ = {isa = PBXBuildFile; fileRef = 36A73E991D6FF06600D2DC85 /* XJDiscoverTableViewController.swift */; };
		36A73E9C1D6FF09500D2DC85 /* XJMessageTableViewController.swift in Sources */ = {isa = PBXBuildFile; fileRef = 36A73E9B1D6FF09500D2DC85 /* XJMessageTableViewController.swift */; };
		36A73E9E1D6FF0B600D2DC85 /* XJProfileTableViewController.swift in Sources */ = {isa = PBXBuildFile; fileRef = 36A73E9D1D6FF0B600D2DC85 /* XJProfileTableViewController.swift */; };
		36A73EAC1D70376400D2DC85 /* XJNullViewController.swift in Sources */ = {isa = PBXBuildFile; fileRef = 36A73EAB1D70376400D2DC85 /* XJNullViewController.swift */; };
		36A73EAE1D7037A400D2DC85 /* XJMainVCSettings.json in Resources */ = {isa = PBXBuildFile; fileRef = 36A73EAD1D7037A400D2DC85 /* XJMainVCSettings.json */; };
		36D9C95E1D77FB29007665EC /* XJStatusTableViewBottomView.swift in Sources */ = {isa = PBXBuildFile; fileRef = 36D9C95D1D77FB29007665EC /* XJStatusTableViewBottomView.swift */; };
		36D9C9601D77FC4E007665EC /* XJStatusTableViewTopView.swift in Sources */ = {isa = PBXBuildFile; fileRef = 36D9C95F1D77FC4E007665EC /* XJStatusTableViewTopView.swift */; };
		36D9C9621D78076B007665EC /* XJStatusForwardTableViewCell.swift in Sources */ = {isa = PBXBuildFile; fileRef = 36D9C9611D78076B007665EC /* XJStatusForwardTableViewCell.swift */; };
		36D9C9841D781B7A007665EC /* HomeRefreshView.xib in Resources */ = {isa = PBXBuildFile; fileRef = 36D9C9831D781B7A007665EC /* HomeRefreshView.xib */; };
		36DF15B71D7142DC004F009D /* XJBaseTableViewController.swift in Sources */ = {isa = PBXBuildFile; fileRef = 36DF15B61D7142DC004F009D /* XJBaseTableViewController.swift */; };
		36DF15B91D714666004F009D /* XJVisitorView.swift in Sources */ = {isa = PBXBuildFile; fileRef = 36DF15B81D714666004F009D /* XJVisitorView.swift */; };
		36E50B3E1D73EB400012E4D2 /* UIBarButtonItem+XJEstension.swift in Sources */ = {isa = PBXBuildFile; fileRef = 36E50B3D1D73EB400012E4D2 /* UIBarButtonItem+XJEstension.swift */; };
		36E50B401D73EBA00012E4D2 /* XJTitleButton.swift in Sources */ = {isa = PBXBuildFile; fileRef = 36E50B3F1D73EBA00012E4D2 /* XJTitleButton.swift */; };
		36EFDC211D753FFC008E4FEF /* XJOAuthViewController.swift in Sources */ = {isa = PBXBuildFile; fileRef = 36EFDC201D753FFC008E4FEF /* XJOAuthViewController.swift */; };
		36EFDC231D755C03008E4FEF /* XJNetworkTools.swift in Sources */ = {isa = PBXBuildFile; fileRef = 36EFDC221D755C03008E4FEF /* XJNetworkTools.swift */; };
		36EFDC251D756A79008E4FEF /* XJUserAccount.swift in Sources */ = {isa = PBXBuildFile; fileRef = 36EFDC241D756A79008E4FEF /* XJUserAccount.swift */; };
		36EFDC271D758C21008E4FEF /* String+XJExtension.swift in Sources */ = {isa = PBXBuildFile; fileRef = 36EFDC261D758C21008E4FEF /* String+XJExtension.swift */; };
		36EFDC2A1D75BB9D008E4FEF /* XJNewfeatureCollectionViewController.swift in Sources */ = {isa = PBXBuildFile; fileRef = 36EFDC291D75BB9D008E4FEF /* XJNewfeatureCollectionViewController.swift */; };
		36FAEB1B1D74041200262926 /* PopoverViewController.storyboard in Resources */ = {isa = PBXBuildFile; fileRef = 36FAEB1A1D74041200262926 /* PopoverViewController.storyboard */; };
		36FAEB1D1D74108800262926 /* XJPopoverPresentationController.swift in Sources */ = {isa = PBXBuildFile; fileRef = 36FAEB1C1D74108800262926 /* XJPopoverPresentationController.swift */; };
		36FAEB1F1D742E7300262926 /* XJPopoverAnimator.swift in Sources */ = {isa = PBXBuildFile; fileRef = 36FAEB1E1D742E7300262926 /* XJPopoverAnimator.swift */; };
		36FAEB221D7445D100262926 /* QRCodeViewController.storyboard in Resources */ = {isa = PBXBuildFile; fileRef = 36FAEB211D7445D100262926 /* QRCodeViewController.storyboard */; };
		36FAEB241D7447DC00262926 /* XJQRCodeViewController.swift in Sources */ = {isa = PBXBuildFile; fileRef = 36FAEB231D7447DC00262926 /* XJQRCodeViewController.swift */; };
		7DFE7B758EBE1E370731100A /* Pods_XJWeiboUITests.framework in Frameworks */ = {isa = PBXBuildFile; fileRef = AAEAF7F123F6216DE4A447C0 /* Pods_XJWeiboUITests.framework */; };
		83E7E9024942ED0B49FE1D2B /* Pods_XJWeibo.framework in Frameworks */ = {isa = PBXBuildFile; fileRef = 395AC238489583EE5F47D937 /* Pods_XJWeibo.framework */; };
		ED1A80A68BC6D27B3EC37AAA /* Pods_XJWeiboTests.framework in Frameworks */ = {isa = PBXBuildFile; fileRef = D8B39CE0605608F97575D150 /* Pods_XJWeiboTests.framework */; };
/* End PBXBuildFile section */

/* Begin PBXContainerItemProxy section */
		36A73E331D6FDECA00D2DC85 /* PBXContainerItemProxy */ = {
			isa = PBXContainerItemProxy;
			containerPortal = 36A73E161D6FDECA00D2DC85 /* Project object */;
			proxyType = 1;
			remoteGlobalIDString = 36A73E1D1D6FDECA00D2DC85;
			remoteInfo = XJWeibo;
		};
		36A73E3E1D6FDECA00D2DC85 /* PBXContainerItemProxy */ = {
			isa = PBXContainerItemProxy;
			containerPortal = 36A73E161D6FDECA00D2DC85 /* Project object */;
			proxyType = 1;
			remoteGlobalIDString = 36A73E1D1D6FDECA00D2DC85;
			remoteInfo = XJWeibo;
		};
/* End PBXContainerItemProxy section */

/* Begin PBXFileReference section */
		12384ED977A707C6240A3181 /* Pods-XJWeiboTests.debug.xcconfig */ = {isa = PBXFileReference; includeInIndex = 1; lastKnownFileType = text.xcconfig; name = "Pods-XJWeiboTests.debug.xcconfig"; path = "Pods/Target Support Files/Pods-XJWeiboTests/Pods-XJWeiboTests.debug.xcconfig"; sourceTree = "<group>"; };
		364E3E3F1D794236001E98BC /* XJComposeViewController.swift */ = {isa = PBXFileReference; fileEncoding = 4; lastKnownFileType = sourcecode.swift; path = XJComposeViewController.swift; sourceTree = "<group>"; };
		3689D9711D7AC8E7002F8147 /* Emoticons.bundle */ = {isa = PBXFileReference; lastKnownFileType = "wrapper.plug-in"; path = Emoticons.bundle; sourceTree = "<group>"; };
		3689D9721D7AC8E7002F8147 /* UITextView+Category.swift */ = {isa = PBXFileReference; fileEncoding = 4; lastKnownFileType = sourcecode.swift; path = "UITextView+Category.swift"; sourceTree = "<group>"; };
		3689D9731D7AC8E7002F8147 /* XJEmoticonPackage.swift */ = {isa = PBXFileReference; fileEncoding = 4; lastKnownFileType = sourcecode.swift; path = XJEmoticonPackage.swift; sourceTree = "<group>"; };
		3689D9741D7AC8E7002F8147 /* XJEmoticonTextAttachment.swift */ = {isa = PBXFileReference; fileEncoding = 4; lastKnownFileType = sourcecode.swift; path = XJEmoticonTextAttachment.swift; sourceTree = "<group>"; };
		3689D9751D7AC8E7002F8147 /* XJEmoticonViewController.swift */ = {isa = PBXFileReference; fileEncoding = 4; lastKnownFileType = sourcecode.swift; path = XJEmoticonViewController.swift; sourceTree = "<group>"; };
		368CCE4E1D767ACC000AB800 /* XJWelcomeViewController.swift */ = {isa = PBXFileReference; fileEncoding = 4; lastKnownFileType = sourcecode.swift; path = XJWelcomeViewController.swift; sourceTree = "<group>"; };
		368CCE501D769E0D000AB800 /* XJStatus.swift */ = {isa = PBXFileReference; fileEncoding = 4; lastKnownFileType = sourcecode.swift; path = XJStatus.swift; sourceTree = "<group>"; };
		368CCE521D76B310000AB800 /* XJUser.swift */ = {isa = PBXFileReference; fileEncoding = 4; lastKnownFileType = sourcecode.swift; path = XJUser.swift; sourceTree = "<group>"; };
		368CCE541D76BDAF000AB800 /* XJStatusTableViewCell.swift */ = {isa = PBXFileReference; fileEncoding = 4; lastKnownFileType = sourcecode.swift; path = XJStatusTableViewCell.swift; sourceTree = "<group>"; };
		368CCE561D76E31C000AB800 /* UILabel+XJExtension.swift */ = {isa = PBXFileReference; fileEncoding = 4; lastKnownFileType = sourcecode.swift; path = "UILabel+XJExtension.swift"; sourceTree = "<group>"; };
		368CCE581D76E352000AB800 /* XJUIButton+XJExtension.swift */ = {isa = PBXFileReference; fileEncoding = 4; lastKnownFileType = sourcecode.swift; path = "XJUIButton+XJExtension.swift"; sourceTree = "<group>"; };
		368CCE5A1D77047B000AB800 /* NSDate+XJExtension.swift */ = {isa = PBXFileReference; fileEncoding = 4; lastKnownFileType = sourcecode.swift; path = "NSDate+XJExtension.swift"; sourceTree = "<group>"; };
		36A73E1E1D6FDECA00D2DC85 /* 大微博.app */ = {isa = PBXFileReference; explicitFileType = wrapper.application; includeInIndex = 0; path = "大微博.app"; sourceTree = BUILT_PRODUCTS_DIR; };
		36A73E211D6FDECA00D2DC85 /* AppDelegate.swift */ = {isa = PBXFileReference; lastKnownFileType = sourcecode.swift; path = AppDelegate.swift; sourceTree = "<group>"; };
		36A73E281D6FDECA00D2DC85 /* Assets.xcassets */ = {isa = PBXFileReference; lastKnownFileType = folder.assetcatalog; path = Assets.xcassets; sourceTree = "<group>"; };
		36A73E2D1D6FDECA00D2DC85 /* Info.plist */ = {isa = PBXFileReference; lastKnownFileType = text.plist.xml; path = Info.plist; sourceTree = "<group>"; };
		36A73E321D6FDECA00D2DC85 /* XJWeiboTests.xctest */ = {isa = PBXFileReference; explicitFileType = wrapper.cfbundle; includeInIndex = 0; path = XJWeiboTests.xctest; sourceTree = BUILT_PRODUCTS_DIR; };
		36A73E361D6FDECA00D2DC85 /* XJWeiboTests.swift */ = {isa = PBXFileReference; lastKnownFileType = sourcecode.swift; path = XJWeiboTests.swift; sourceTree = "<group>"; };
		36A73E381D6FDECA00D2DC85 /* Info.plist */ = {isa = PBXFileReference; lastKnownFileType = text.plist.xml; path = Info.plist; sourceTree = "<group>"; };
		36A73E3D1D6FDECA00D2DC85 /* XJWeiboUITests.xctest */ = {isa = PBXFileReference; explicitFileType = wrapper.cfbundle; includeInIndex = 0; path = XJWeiboUITests.xctest; sourceTree = BUILT_PRODUCTS_DIR; };
		36A73E411D6FDECA00D2DC85 /* XJWeiboUITests.swift */ = {isa = PBXFileReference; lastKnownFileType = sourcecode.swift; path = XJWeiboUITests.swift; sourceTree = "<group>"; };
		36A73E431D6FDECA00D2DC85 /* Info.plist */ = {isa = PBXFileReference; lastKnownFileType = text.plist.xml; path = Info.plist; sourceTree = "<group>"; };
		36A73E951D6FEFA400D2DC85 /* XJMainViewController.swift */ = {isa = PBXFileReference; fileEncoding = 4; lastKnownFileType = sourcecode.swift; path = XJMainViewController.swift; sourceTree = "<group>"; };
		36A73E971D6FEFE000D2DC85 /* XJHomeTableViewController.swift */ = {isa = PBXFileReference; fileEncoding = 4; lastKnownFileType = sourcecode.swift; path = XJHomeTableViewController.swift; sourceTree = "<group>"; };
		36A73E991D6FF06600D2DC85 /* XJDiscoverTableViewController.swift */ = {isa = PBXFileReference; fileEncoding = 4; lastKnownFileType = sourcecode.swift; path = XJDiscoverTableViewController.swift; sourceTree = "<group>"; };
		36A73E9B1D6FF09500D2DC85 /* XJMessageTableViewController.swift */ = {isa = PBXFileReference; fileEncoding = 4; lastKnownFileType = sourcecode.swift; path = XJMessageTableViewController.swift; sourceTree = "<group>"; };
		36A73E9D1D6FF0B600D2DC85 /* XJProfileTableViewController.swift */ = {isa = PBXFileReference; fileEncoding = 4; lastKnownFileType = sourcecode.swift; path = XJProfileTableViewController.swift; sourceTree = "<group>"; };
		36A73EAB1D70376400D2DC85 /* XJNullViewController.swift */ = {isa = PBXFileReference; fileEncoding = 4; lastKnownFileType = sourcecode.swift; path = XJNullViewController.swift; sourceTree = "<group>"; };
		36A73EAD1D7037A400D2DC85 /* XJMainVCSettings.json */ = {isa = PBXFileReference; fileEncoding = 4; lastKnownFileType = text.json; path = XJMainVCSettings.json; sourceTree = "<group>"; };
		36D9C95D1D77FB29007665EC /* XJStatusTableViewBottomView.swift */ = {isa = PBXFileReference; fileEncoding = 4; lastKnownFileType = sourcecode.swift; path = XJStatusTableViewBottomView.swift; sourceTree = "<group>"; };
		36D9C95F1D77FC4E007665EC /* XJStatusTableViewTopView.swift */ = {isa = PBXFileReference; fileEncoding = 4; lastKnownFileType = sourcecode.swift; path = XJStatusTableViewTopView.swift; sourceTree = "<group>"; };
		36D9C9611D78076B007665EC /* XJStatusForwardTableViewCell.swift */ = {isa = PBXFileReference; fileEncoding = 4; lastKnownFileType = sourcecode.swift; path = XJStatusForwardTableViewCell.swift; sourceTree = "<group>"; };
		36D9C9831D781B7A007665EC /* HomeRefreshView.xib */ = {isa = PBXFileReference; fileEncoding = 4; lastKnownFileType = file.xib; path = HomeRefreshView.xib; sourceTree = "<group>"; };
		36DF15B61D7142DC004F009D /* XJBaseTableViewController.swift */ = {isa = PBXFileReference; fileEncoding = 4; lastKnownFileType = sourcecode.swift; path = XJBaseTableViewController.swift; sourceTree = "<group>"; };
		36DF15B81D714666004F009D /* XJVisitorView.swift */ = {isa = PBXFileReference; fileEncoding = 4; lastKnownFileType = sourcecode.swift; path = XJVisitorView.swift; sourceTree = "<group>"; };
		36E50B3D1D73EB400012E4D2 /* UIBarButtonItem+XJEstension.swift */ = {isa = PBXFileReference; fileEncoding = 4; lastKnownFileType = sourcecode.swift; path = "UIBarButtonItem+XJEstension.swift"; sourceTree = "<group>"; };
		36E50B3F1D73EBA00012E4D2 /* XJTitleButton.swift */ = {isa = PBXFileReference; fileEncoding = 4; lastKnownFileType = sourcecode.swift; path = XJTitleButton.swift; sourceTree = "<group>"; };
		36EFDC201D753FFC008E4FEF /* XJOAuthViewController.swift */ = {isa = PBXFileReference; fileEncoding = 4; lastKnownFileType = sourcecode.swift; path = XJOAuthViewController.swift; sourceTree = "<group>"; };
		36EFDC221D755C03008E4FEF /* XJNetworkTools.swift */ = {isa = PBXFileReference; fileEncoding = 4; lastKnownFileType = sourcecode.swift; path = XJNetworkTools.swift; sourceTree = "<group>"; };
		36EFDC241D756A79008E4FEF /* XJUserAccount.swift */ = {isa = PBXFileReference; fileEncoding = 4; lastKnownFileType = sourcecode.swift; path = XJUserAccount.swift; sourceTree = "<group>"; };
		36EFDC261D758C21008E4FEF /* String+XJExtension.swift */ = {isa = PBXFileReference; fileEncoding = 4; lastKnownFileType = sourcecode.swift; path = "String+XJExtension.swift"; sourceTree = "<group>"; };
		36EFDC291D75BB9D008E4FEF /* XJNewfeatureCollectionViewController.swift */ = {isa = PBXFileReference; fileEncoding = 4; lastKnownFileType = sourcecode.swift; path = XJNewfeatureCollectionViewController.swift; sourceTree = "<group>"; };
		36FAEB1A1D74041200262926 /* PopoverViewController.storyboard */ = {isa = PBXFileReference; fileEncoding = 4; lastKnownFileType = file.storyboard; path = PopoverViewController.storyboard; sourceTree = "<group>"; };
		36FAEB1C1D74108800262926 /* XJPopoverPresentationController.swift */ = {isa = PBXFileReference; fileEncoding = 4; lastKnownFileType = sourcecode.swift; path = XJPopoverPresentationController.swift; sourceTree = "<group>"; };
		36FAEB1E1D742E7300262926 /* XJPopoverAnimator.swift */ = {isa = PBXFileReference; fileEncoding = 4; lastKnownFileType = sourcecode.swift; path = XJPopoverAnimator.swift; sourceTree = "<group>"; };
		36FAEB211D7445D100262926 /* QRCodeViewController.storyboard */ = {isa = PBXFileReference; fileEncoding = 4; lastKnownFileType = file.storyboard; path = QRCodeViewController.storyboard; sourceTree = "<group>"; };
		36FAEB231D7447DC00262926 /* XJQRCodeViewController.swift */ = {isa = PBXFileReference; fileEncoding = 4; lastKnownFileType = sourcecode.swift; path = XJQRCodeViewController.swift; sourceTree = "<group>"; };
		395AC238489583EE5F47D937 /* Pods_XJWeibo.framework */ = {isa = PBXFileReference; explicitFileType = wrapper.framework; includeInIndex = 0; path = Pods_XJWeibo.framework; sourceTree = BUILT_PRODUCTS_DIR; };
		561907C75F26E69D164A9286 /* Pods-XJWeiboUITests.release.xcconfig */ = {isa = PBXFileReference; includeInIndex = 1; lastKnownFileType = text.xcconfig; name = "Pods-XJWeiboUITests.release.xcconfig"; path = "Pods/Target Support Files/Pods-XJWeiboUITests/Pods-XJWeiboUITests.release.xcconfig"; sourceTree = "<group>"; };
		635AA8246BD90D85E43EC06B /* Pods-XJWeibo.debug.xcconfig */ = {isa = PBXFileReference; includeInIndex = 1; lastKnownFileType = text.xcconfig; name = "Pods-XJWeibo.debug.xcconfig"; path = "Pods/Target Support Files/Pods-XJWeibo/Pods-XJWeibo.debug.xcconfig"; sourceTree = "<group>"; };
		9EB5D9B3173519E037FC7C06 /* Pods-XJWeibo.release.xcconfig */ = {isa = PBXFileReference; includeInIndex = 1; lastKnownFileType = text.xcconfig; name = "Pods-XJWeibo.release.xcconfig"; path = "Pods/Target Support Files/Pods-XJWeibo/Pods-XJWeibo.release.xcconfig"; sourceTree = "<group>"; };
		9F6F0B575567BA6FCE770943 /* Pods-XJWeiboUITests.debug.xcconfig */ = {isa = PBXFileReference; includeInIndex = 1; lastKnownFileType = text.xcconfig; name = "Pods-XJWeiboUITests.debug.xcconfig"; path = "Pods/Target Support Files/Pods-XJWeiboUITests/Pods-XJWeiboUITests.debug.xcconfig"; sourceTree = "<group>"; };
		AAEAF7F123F6216DE4A447C0 /* Pods_XJWeiboUITests.framework */ = {isa = PBXFileReference; explicitFileType = wrapper.framework; includeInIndex = 0; path = Pods_XJWeiboUITests.framework; sourceTree = BUILT_PRODUCTS_DIR; };
		D8B39CE0605608F97575D150 /* Pods_XJWeiboTests.framework */ = {isa = PBXFileReference; explicitFileType = wrapper.framework; includeInIndex = 0; path = Pods_XJWeiboTests.framework; sourceTree = BUILT_PRODUCTS_DIR; };
		F9822152957E66BBDAE2D30B /* Pods-XJWeiboTests.release.xcconfig */ = {isa = PBXFileReference; includeInIndex = 1; lastKnownFileType = text.xcconfig; name = "Pods-XJWeiboTests.release.xcconfig"; path = "Pods/Target Support Files/Pods-XJWeiboTests/Pods-XJWeiboTests.release.xcconfig"; sourceTree = "<group>"; };
/* End PBXFileReference section */

/* Begin PBXFrameworksBuildPhase section */
		36A73E1B1D6FDECA00D2DC85 /* Frameworks */ = {
			isa = PBXFrameworksBuildPhase;
			buildActionMask = 2147483647;
			files = (
				83E7E9024942ED0B49FE1D2B /* Pods_XJWeibo.framework in Frameworks */,
			);
			runOnlyForDeploymentPostprocessing = 0;
		};
		36A73E2F1D6FDECA00D2DC85 /* Frameworks */ = {
			isa = PBXFrameworksBuildPhase;
			buildActionMask = 2147483647;
			files = (
				ED1A80A68BC6D27B3EC37AAA /* Pods_XJWeiboTests.framework in Frameworks */,
			);
			runOnlyForDeploymentPostprocessing = 0;
		};
		36A73E3A1D6FDECA00D2DC85 /* Frameworks */ = {
			isa = PBXFrameworksBuildPhase;
			buildActionMask = 2147483647;
			files = (
				7DFE7B758EBE1E370731100A /* Pods_XJWeiboUITests.framework in Frameworks */,
			);
			runOnlyForDeploymentPostprocessing = 0;
		};
/* End PBXFrameworksBuildPhase section */

/* Begin PBXGroup section */
		28374AD070283D93F36304A9 /* Frameworks */ = {
			isa = PBXGroup;
			children = (
				395AC238489583EE5F47D937 /* Pods_XJWeibo.framework */,
				D8B39CE0605608F97575D150 /* Pods_XJWeiboTests.framework */,
				AAEAF7F123F6216DE4A447C0 /* Pods_XJWeiboUITests.framework */,
			);
			name = Frameworks;
			sourceTree = "<group>";
		};
		364E3E3E1D7941FE001E98BC /* Compose */ = {
			isa = PBXGroup;
			children = (
				3689D9701D7AC8E7002F8147 /* EmoticonView */,
				364E3E3F1D794236001E98BC /* XJComposeViewController.swift */,
			);
			path = Compose;
			sourceTree = "<group>";
		};
		3689D9701D7AC8E7002F8147 /* EmoticonView */ = {
			isa = PBXGroup;
			children = (
				3689D9711D7AC8E7002F8147 /* Emoticons.bundle */,
				3689D9721D7AC8E7002F8147 /* UITextView+Category.swift */,
				3689D9731D7AC8E7002F8147 /* XJEmoticonPackage.swift */,
				3689D9741D7AC8E7002F8147 /* XJEmoticonTextAttachment.swift */,
				3689D9751D7AC8E7002F8147 /* XJEmoticonViewController.swift */,
			);
			path = EmoticonView;
			sourceTree = "<group>";
		};
		36A73E151D6FDECA00D2DC85 = {
			isa = PBXGroup;
			children = (
				36A73E201D6FDECA00D2DC85 /* XJWeibo */,
				36A73E351D6FDECA00D2DC85 /* XJWeiboTests */,
				36A73E401D6FDECA00D2DC85 /* XJWeiboUITests */,
				36A73E1F1D6FDECA00D2DC85 /* Products */,
				7BCF6989815E52F013356C0A /* Pods */,
				28374AD070283D93F36304A9 /* Frameworks */,
			);
			sourceTree = "<group>";
		};
		36A73E1F1D6FDECA00D2DC85 /* Products */ = {
			isa = PBXGroup;
			children = (
				36A73E1E1D6FDECA00D2DC85 /* 大微博.app */,
				36A73E321D6FDECA00D2DC85 /* XJWeiboTests.xctest */,
				36A73E3D1D6FDECA00D2DC85 /* XJWeiboUITests.xctest */,
			);
			name = Products;
			sourceTree = "<group>";
		};
		36A73E201D6FDECA00D2DC85 /* XJWeibo */ = {
			isa = PBXGroup;
			children = (
				36A73E211D6FDECA00D2DC85 /* AppDelegate.swift */,
				36A73E281D6FDECA00D2DC85 /* Assets.xcassets */,
				36A73E2D1D6FDECA00D2DC85 /* Info.plist */,
				36A73E761D6FEEDB00D2DC85 /* Classes */,
			);
			path = XJWeibo;
			sourceTree = "<group>";
		};
		36A73E351D6FDECA00D2DC85 /* XJWeiboTests */ = {
			isa = PBXGroup;
			children = (
				36A73E361D6FDECA00D2DC85 /* XJWeiboTests.swift */,
				36A73E381D6FDECA00D2DC85 /* Info.plist */,
			);
			path = XJWeiboTests;
			sourceTree = "<group>";
		};
		36A73E401D6FDECA00D2DC85 /* XJWeiboUITests */ = {
			isa = PBXGroup;
			children = (
				36A73E411D6FDECA00D2DC85 /* XJWeiboUITests.swift */,
				36A73E431D6FDECA00D2DC85 /* Info.plist */,
			);
			path = XJWeiboUITests;
			sourceTree = "<group>";
		};
		36A73E761D6FEEDB00D2DC85 /* Classes */ = {
			isa = PBXGroup;
			children = (
				364E3E3E1D7941FE001E98BC /* Compose */,
				36EFDC281D75BB52008E4FEF /* Newfeature */,
				36EFDC1F1D753FC4008E4FEF /* OAuth */,
				36A73E771D6FEEDB00D2DC85 /* Common */,
				36A73E7B1D6FEEDB00D2DC85 /* Discover */,
				36A73E7F1D6FEEDB00D2DC85 /* Home */,
				36A73E831D6FEEDB00D2DC85 /* Main */,
				36A73E871D6FEEDB00D2DC85 /* Message */,
				36A73E8B1D6FEEDB00D2DC85 /* Profile */,
				36A73E8F1D6FEEDB00D2DC85 /* Tools */,
			);
			path = Classes;
			sourceTree = "<group>";
		};
		36A73E771D6FEEDB00D2DC85 /* Common */ = {
			isa = PBXGroup;
			children = (
				36E50B3D1D73EB400012E4D2 /* UIBarButtonItem+XJEstension.swift */,
				36E50B3F1D73EBA00012E4D2 /* XJTitleButton.swift */,
				368CCE561D76E31C000AB800 /* UILabel+XJExtension.swift */,
				368CCE581D76E352000AB800 /* XJUIButton+XJExtension.swift */,
			);
			path = Common;
			sourceTree = "<group>";
		};
		36A73E7B1D6FEEDB00D2DC85 /* Discover */ = {
			isa = PBXGroup;
			children = (
				36A73E7C1D6FEEDB00D2DC85 /* Controllers */,
				36A73E7D1D6FEEDB00D2DC85 /* Models */,
				36A73E7E1D6FEEDB00D2DC85 /* Views */,
			);
			path = Discover;
			sourceTree = "<group>";
		};
		36A73E7C1D6FEEDB00D2DC85 /* Controllers */ = {
			isa = PBXGroup;
			children = (
				36A73E991D6FF06600D2DC85 /* XJDiscoverTableViewController.swift */,
			);
			path = Controllers;
			sourceTree = "<group>";
		};
		36A73E7D1D6FEEDB00D2DC85 /* Models */ = {
			isa = PBXGroup;
			children = (
			);
			path = Models;
			sourceTree = "<group>";
		};
		36A73E7E1D6FEEDB00D2DC85 /* Views */ = {
			isa = PBXGroup;
			children = (
			);
			path = Views;
			sourceTree = "<group>";
		};
		36A73E7F1D6FEEDB00D2DC85 /* Home */ = {
			isa = PBXGroup;
			children = (
				36A73E801D6FEEDB00D2DC85 /* Controllers */,
				36A73E811D6FEEDB00D2DC85 /* Models */,
				36A73E821D6FEEDB00D2DC85 /* Views */,
			);
			path = Home;
			sourceTree = "<group>";
		};
		36A73E801D6FEEDB00D2DC85 /* Controllers */ = {
			isa = PBXGroup;
			children = (
				36FAEB201D74458100262926 /* QRCode */,
				36FAEB191D74038700262926 /* Popover */,
				36A73E971D6FEFE000D2DC85 /* XJHomeTableViewController.swift */,
			);
			path = Controllers;
			sourceTree = "<group>";
		};
		36A73E811D6FEEDB00D2DC85 /* Models */ = {
			isa = PBXGroup;
			children = (
				368CCE501D769E0D000AB800 /* XJStatus.swift */,
				368CCE521D76B310000AB800 /* XJUser.swift */,
			);
			path = Models;
			sourceTree = "<group>";
		};
		36A73E821D6FEEDB00D2DC85 /* Views */ = {
			isa = PBXGroup;
			children = (
				368CCE541D76BDAF000AB800 /* XJStatusTableViewCell.swift */,
				36D9C95F1D77FC4E007665EC /* XJStatusTableViewTopView.swift */,
				36D9C95D1D77FB29007665EC /* XJStatusTableViewBottomView.swift */,
				36D9C9611D78076B007665EC /* XJStatusForwardTableViewCell.swift */,
				36D9C9831D781B7A007665EC /* HomeRefreshView.xib */,
			);
			path = Views;
			sourceTree = "<group>";
		};
		36A73E831D6FEEDB00D2DC85 /* Main */ = {
			isa = PBXGroup;
			children = (
				36A73EAA1D70374300D2DC85 /* Resource */,
				36A73E841D6FEEDB00D2DC85 /* Controllers */,
				36A73E851D6FEEDB00D2DC85 /* Models */,
				36A73E861D6FEEDB00D2DC85 /* Views */,
			);
			path = Main;
			sourceTree = "<group>";
		};
		36A73E841D6FEEDB00D2DC85 /* Controllers */ = {
			isa = PBXGroup;
			children = (
				36A73E951D6FEFA400D2DC85 /* XJMainViewController.swift */,
				36DF15B61D7142DC004F009D /* XJBaseTableViewController.swift */,
				36DF15B81D714666004F009D /* XJVisitorView.swift */,
			);
			path = Controllers;
			sourceTree = "<group>";
		};
		36A73E851D6FEEDB00D2DC85 /* Models */ = {
			isa = PBXGroup;
			children = (
			);
			path = Models;
			sourceTree = "<group>";
		};
		36A73E861D6FEEDB00D2DC85 /* Views */ = {
			isa = PBXGroup;
			children = (
			);
			path = Views;
			sourceTree = "<group>";
		};
		36A73E871D6FEEDB00D2DC85 /* Message */ = {
			isa = PBXGroup;
			children = (
				36A73E881D6FEEDB00D2DC85 /* Controllers */,
				36A73E891D6FEEDB00D2DC85 /* Models */,
				36A73E8A1D6FEEDB00D2DC85 /* Views */,
			);
			path = Message;
			sourceTree = "<group>";
		};
		36A73E881D6FEEDB00D2DC85 /* Controllers */ = {
			isa = PBXGroup;
			children = (
				36A73E9B1D6FF09500D2DC85 /* XJMessageTableViewController.swift */,
			);
			path = Controllers;
			sourceTree = "<group>";
		};
		36A73E891D6FEEDB00D2DC85 /* Models */ = {
			isa = PBXGroup;
			children = (
			);
			path = Models;
			sourceTree = "<group>";
		};
		36A73E8A1D6FEEDB00D2DC85 /* Views */ = {
			isa = PBXGroup;
			children = (
			);
			path = Views;
			sourceTree = "<group>";
		};
		36A73E8B1D6FEEDB00D2DC85 /* Profile */ = {
			isa = PBXGroup;
			children = (
				36A73E8C1D6FEEDB00D2DC85 /* Controllers */,
				36A73E8D1D6FEEDB00D2DC85 /* Models */,
				36A73E8E1D6FEEDB00D2DC85 /* Views */,
			);
			path = Profile;
			sourceTree = "<group>";
		};
		36A73E8C1D6FEEDB00D2DC85 /* Controllers */ = {
			isa = PBXGroup;
			children = (
				36A73E9D1D6FF0B600D2DC85 /* XJProfileTableViewController.swift */,
			);
			path = Controllers;
			sourceTree = "<group>";
		};
		36A73E8D1D6FEEDB00D2DC85 /* Models */ = {
			isa = PBXGroup;
			children = (
			);
			path = Models;
			sourceTree = "<group>";
		};
		36A73E8E1D6FEEDB00D2DC85 /* Views */ = {
			isa = PBXGroup;
			children = (
			);
			path = Views;
			sourceTree = "<group>";
		};
		36A73E8F1D6FEEDB00D2DC85 /* Tools */ = {
			isa = PBXGroup;
			children = (
				36A73E901D6FEEDB00D2DC85 /* Controllers */,
				36A73E911D6FEEDB00D2DC85 /* Models */,
				36A73E921D6FEEDB00D2DC85 /* Views */,
				36EFDC221D755C03008E4FEF /* XJNetworkTools.swift */,
				36EFDC261D758C21008E4FEF /* String+XJExtension.swift */,
				368CCE5A1D77047B000AB800 /* NSDate+XJExtension.swift */,
			);
			path = Tools;
			sourceTree = "<group>";
		};
		36A73E901D6FEEDB00D2DC85 /* Controllers */ = {
			isa = PBXGroup;
			children = (
			);
			path = Controllers;
			sourceTree = "<group>";
		};
		36A73E911D6FEEDB00D2DC85 /* Models */ = {
			isa = PBXGroup;
			children = (
			);
			path = Models;
			sourceTree = "<group>";
		};
		36A73E921D6FEEDB00D2DC85 /* Views */ = {
			isa = PBXGroup;
			children = (
			);
			path = Views;
			sourceTree = "<group>";
		};
		36A73EAA1D70374300D2DC85 /* Resource */ = {
			isa = PBXGroup;
			children = (
				36A73EAD1D7037A400D2DC85 /* XJMainVCSettings.json */,
				36A73EAB1D70376400D2DC85 /* XJNullViewController.swift */,
			);
			path = Resource;
			sourceTree = "<group>";
		};
		36EFDC1F1D753FC4008E4FEF /* OAuth */ = {
			isa = PBXGroup;
			children = (
				36EFDC201D753FFC008E4FEF /* XJOAuthViewController.swift */,
				36EFDC241D756A79008E4FEF /* XJUserAccount.swift */,
			);
			path = OAuth;
			sourceTree = "<group>";
		};
		36EFDC281D75BB52008E4FEF /* Newfeature */ = {
			isa = PBXGroup;
			children = (
				36EFDC291D75BB9D008E4FEF /* XJNewfeatureCollectionViewController.swift */,
				368CCE4E1D767ACC000AB800 /* XJWelcomeViewController.swift */,
			);
			path = Newfeature;
			sourceTree = "<group>";
		};
		36FAEB191D74038700262926 /* Popover */ = {
			isa = PBXGroup;
			children = (
				36FAEB1A1D74041200262926 /* PopoverViewController.storyboard */,
				36FAEB1C1D74108800262926 /* XJPopoverPresentationController.swift */,
				36FAEB1E1D742E7300262926 /* XJPopoverAnimator.swift */,
			);
			path = Popover;
			sourceTree = "<group>";
		};
		36FAEB201D74458100262926 /* QRCode */ = {
			isa = PBXGroup;
			children = (
				36FAEB211D7445D100262926 /* QRCodeViewController.storyboard */,
				36FAEB231D7447DC00262926 /* XJQRCodeViewController.swift */,
			);
			path = QRCode;
			sourceTree = "<group>";
		};
		7BCF6989815E52F013356C0A /* Pods */ = {
			isa = PBXGroup;
			children = (
				635AA8246BD90D85E43EC06B /* Pods-XJWeibo.debug.xcconfig */,
				9EB5D9B3173519E037FC7C06 /* Pods-XJWeibo.release.xcconfig */,
				12384ED977A707C6240A3181 /* Pods-XJWeiboTests.debug.xcconfig */,
				F9822152957E66BBDAE2D30B /* Pods-XJWeiboTests.release.xcconfig */,
				9F6F0B575567BA6FCE770943 /* Pods-XJWeiboUITests.debug.xcconfig */,
				561907C75F26E69D164A9286 /* Pods-XJWeiboUITests.release.xcconfig */,
			);
			name = Pods;
			sourceTree = "<group>";
		};
/* End PBXGroup section */

/* Begin PBXNativeTarget section */
		36A73E1D1D6FDECA00D2DC85 /* XJWeibo */ = {
			isa = PBXNativeTarget;
			buildConfigurationList = 36A73E461D6FDECA00D2DC85 /* Build configuration list for PBXNativeTarget "XJWeibo" */;
			buildPhases = (
				4EF7F7130442A7F33F6F15D4 /* [CP] Check Pods Manifest.lock */,
				36A73E1A1D6FDECA00D2DC85 /* Sources */,
				36A73E1B1D6FDECA00D2DC85 /* Frameworks */,
				36A73E1C1D6FDECA00D2DC85 /* Resources */,
				53B22EBE30D9B43F94F755FC /* [CP] Embed Pods Frameworks */,
				972580FE23C6381D1C615790 /* [CP] Copy Pods Resources */,
			);
			buildRules = (
			);
			dependencies = (
			);
			name = XJWeibo;
			productName = XJWeibo;
			productReference = 36A73E1E1D6FDECA00D2DC85 /* 大微博.app */;
			productType = "com.apple.product-type.application";
		};
		36A73E311D6FDECA00D2DC85 /* XJWeiboTests */ = {
			isa = PBXNativeTarget;
			buildConfigurationList = 36A73E491D6FDECA00D2DC85 /* Build configuration list for PBXNativeTarget "XJWeiboTests" */;
			buildPhases = (
				767A7176AB2931B2C9C97775 /* [CP] Check Pods Manifest.lock */,
				36A73E2E1D6FDECA00D2DC85 /* Sources */,
				36A73E2F1D6FDECA00D2DC85 /* Frameworks */,
				36A73E301D6FDECA00D2DC85 /* Resources */,
				D78BAC444B38E7220F49990B /* [CP] Embed Pods Frameworks */,
				73626FA2574CFDC30E18DC94 /* [CP] Copy Pods Resources */,
			);
			buildRules = (
			);
			dependencies = (
				36A73E341D6FDECA00D2DC85 /* PBXTargetDependency */,
			);
			name = XJWeiboTests;
			productName = XJWeiboTests;
			productReference = 36A73E321D6FDECA00D2DC85 /* XJWeiboTests.xctest */;
			productType = "com.apple.product-type.bundle.unit-test";
		};
		36A73E3C1D6FDECA00D2DC85 /* XJWeiboUITests */ = {
			isa = PBXNativeTarget;
			buildConfigurationList = 36A73E4C1D6FDECA00D2DC85 /* Build configuration list for PBXNativeTarget "XJWeiboUITests" */;
			buildPhases = (
				109E9119059765FAB7A2F936 /* [CP] Check Pods Manifest.lock */,
				36A73E391D6FDECA00D2DC85 /* Sources */,
				36A73E3A1D6FDECA00D2DC85 /* Frameworks */,
				36A73E3B1D6FDECA00D2DC85 /* Resources */,
				52C7AAA370AEE4A7D1DAACA3 /* [CP] Copy Pods Resources */,
			);
			buildRules = (
			);
			dependencies = (
				36A73E3F1D6FDECA00D2DC85 /* PBXTargetDependency */,
			);
			name = XJWeiboUITests;
			productName = XJWeiboUITests;
			productReference = 36A73E3D1D6FDECA00D2DC85 /* XJWeiboUITests.xctest */;
			productType = "com.apple.product-type.bundle.ui-testing";
		};
/* End PBXNativeTarget section */

/* Begin PBXProject section */
		36A73E161D6FDECA00D2DC85 /* Project object */ = {
			isa = PBXProject;
			attributes = {
				CLASSPREFIX = XJ;
				LastSwiftUpdateCheck = 0730;
				LastUpgradeCheck = 0730;
				ORGANIZATIONNAME = xj;
				TargetAttributes = {
					36A73E1D1D6FDECA00D2DC85 = {
						CreatedOnToolsVersion = 7.3.1;
						DevelopmentTeam = RYN46F654J;
					};
					36A73E311D6FDECA00D2DC85 = {
						CreatedOnToolsVersion = 7.3.1;
						DevelopmentTeam = RYN46F654J;
						TestTargetID = 36A73E1D1D6FDECA00D2DC85;
					};
					36A73E3C1D6FDECA00D2DC85 = {
						CreatedOnToolsVersion = 7.3.1;
						DevelopmentTeam = RYN46F654J;
						TestTargetID = 36A73E1D1D6FDECA00D2DC85;
					};
				};
			};
			buildConfigurationList = 36A73E191D6FDECA00D2DC85 /* Build configuration list for PBXProject "XJWeibo" */;
			compatibilityVersion = "Xcode 3.2";
			developmentRegion = English;
			hasScannedForEncodings = 0;
			knownRegions = (
				en,
				Base,
			);
			mainGroup = 36A73E151D6FDECA00D2DC85;
			productRefGroup = 36A73E1F1D6FDECA00D2DC85 /* Products */;
			projectDirPath = "";
			projectRoot = "";
			targets = (
				36A73E1D1D6FDECA00D2DC85 /* XJWeibo */,
				36A73E311D6FDECA00D2DC85 /* XJWeiboTests */,
				36A73E3C1D6FDECA00D2DC85 /* XJWeiboUITests */,
			);
		};
/* End PBXProject section */

/* Begin PBXResourcesBuildPhase section */
		36A73E1C1D6FDECA00D2DC85 /* Resources */ = {
			isa = PBXResourcesBuildPhase;
			buildActionMask = 2147483647;
			files = (
				36FAEB1B1D74041200262926 /* PopoverViewController.storyboard in Resources */,
				3689D9761D7AC8E7002F8147 /* Emoticons.bundle in Resources */,
				36A73EAE1D7037A400D2DC85 /* XJMainVCSettings.json in Resources */,
				36D9C9841D781B7A007665EC /* HomeRefreshView.xib in Resources */,
				36A73E291D6FDECA00D2DC85 /* Assets.xcassets in Resources */,
				36FAEB221D7445D100262926 /* QRCodeViewController.storyboard in Resources */,
			);
			runOnlyForDeploymentPostprocessing = 0;
		};
		36A73E301D6FDECA00D2DC85 /* Resources */ = {
			isa = PBXResourcesBuildPhase;
			buildActionMask = 2147483647;
			files = (
			);
			runOnlyForDeploymentPostprocessing = 0;
		};
		36A73E3B1D6FDECA00D2DC85 /* Resources */ = {
			isa = PBXResourcesBuildPhase;
			buildActionMask = 2147483647;
			files = (
			);
			runOnlyForDeploymentPostprocessing = 0;
		};
/* End PBXResourcesBuildPhase section */

/* Begin PBXShellScriptBuildPhase section */
		109E9119059765FAB7A2F936 /* [CP] Check Pods Manifest.lock */ = {
			isa = PBXShellScriptBuildPhase;
			buildActionMask = 2147483647;
			files = (
			);
			inputPaths = (
			);
			name = "[CP] Check Pods Manifest.lock";
			outputPaths = (
			);
			runOnlyForDeploymentPostprocessing = 0;
			shellPath = /bin/sh;
			shellScript = "diff \"${PODS_ROOT}/../Podfile.lock\" \"${PODS_ROOT}/Manifest.lock\" > /dev/null\nif [[ $? != 0 ]] ; then\n    cat << EOM\nerror: The sandbox is not in sync with the Podfile.lock. Run 'pod install' or update your CocoaPods installation.\nEOM\n    exit 1\nfi\n";
			showEnvVarsInLog = 0;
		};
		4EF7F7130442A7F33F6F15D4 /* [CP] Check Pods Manifest.lock */ = {
			isa = PBXShellScriptBuildPhase;
			buildActionMask = 2147483647;
			files = (
			);
			inputPaths = (
			);
			name = "[CP] Check Pods Manifest.lock";
			outputPaths = (
			);
			runOnlyForDeploymentPostprocessing = 0;
			shellPath = /bin/sh;
			shellScript = "diff \"${PODS_ROOT}/../Podfile.lock\" \"${PODS_ROOT}/Manifest.lock\" > /dev/null\nif [[ $? != 0 ]] ; then\n    cat << EOM\nerror: The sandbox is not in sync with the Podfile.lock. Run 'pod install' or update your CocoaPods installation.\nEOM\n    exit 1\nfi\n";
			showEnvVarsInLog = 0;
		};
		52C7AAA370AEE4A7D1DAACA3 /* [CP] Copy Pods Resources */ = {
			isa = PBXShellScriptBuildPhase;
			buildActionMask = 2147483647;
			files = (
			);
			inputPaths = (
			);
			name = "[CP] Copy Pods Resources";
			outputPaths = (
			);
			runOnlyForDeploymentPostprocessing = 0;
			shellPath = /bin/sh;
			shellScript = "\"${SRCROOT}/Pods/Target Support Files/Pods-XJWeiboUITests/Pods-XJWeiboUITests-resources.sh\"\n";
			showEnvVarsInLog = 0;
		};
		53B22EBE30D9B43F94F755FC /* [CP] Embed Pods Frameworks */ = {
			isa = PBXShellScriptBuildPhase;
			buildActionMask = 2147483647;
			files = (
			);
			inputPaths = (
			);
			name = "[CP] Embed Pods Frameworks";
			outputPaths = (
			);
			runOnlyForDeploymentPostprocessing = 0;
			shellPath = /bin/sh;
			shellScript = "\"${SRCROOT}/Pods/Target Support Files/Pods-XJWeibo/Pods-XJWeibo-frameworks.sh\"\n";
			showEnvVarsInLog = 0;
		};
		73626FA2574CFDC30E18DC94 /* [CP] Copy Pods Resources */ = {
			isa = PBXShellScriptBuildPhase;
			buildActionMask = 2147483647;
			files = (
			);
			inputPaths = (
			);
			name = "[CP] Copy Pods Resources";
			outputPaths = (
			);
			runOnlyForDeploymentPostprocessing = 0;
			shellPath = /bin/sh;
			shellScript = "\"${SRCROOT}/Pods/Target Support Files/Pods-XJWeiboTests/Pods-XJWeiboTests-resources.sh\"\n";
			showEnvVarsInLog = 0;
		};
		767A7176AB2931B2C9C97775 /* [CP] Check Pods Manifest.lock */ = {
			isa = PBXShellScriptBuildPhase;
			buildActionMask = 2147483647;
			files = (
			);
			inputPaths = (
			);
			name = "[CP] Check Pods Manifest.lock";
			outputPaths = (
			);
			runOnlyForDeploymentPostprocessing = 0;
			shellPath = /bin/sh;
			shellScript = "diff \"${PODS_ROOT}/../Podfile.lock\" \"${PODS_ROOT}/Manifest.lock\" > /dev/null\nif [[ $? != 0 ]] ; then\n    cat << EOM\nerror: The sandbox is not in sync with the Podfile.lock. Run 'pod install' or update your CocoaPods installation.\nEOM\n    exit 1\nfi\n";
			showEnvVarsInLog = 0;
		};
		972580FE23C6381D1C615790 /* [CP] Copy Pods Resources */ = {
			isa = PBXShellScriptBuildPhase;
			buildActionMask = 2147483647;
			files = (
			);
			inputPaths = (
			);
			name = "[CP] Copy Pods Resources";
			outputPaths = (
			);
			runOnlyForDeploymentPostprocessing = 0;
			shellPath = /bin/sh;
			shellScript = "\"${SRCROOT}/Pods/Target Support Files/Pods-XJWeibo/Pods-XJWeibo-resources.sh\"\n";
			showEnvVarsInLog = 0;
		};
		D78BAC444B38E7220F49990B /* [CP] Embed Pods Frameworks */ = {
			isa = PBXShellScriptBuildPhase;
			buildActionMask = 2147483647;
			files = (
			);
			inputPaths = (
			);
			name = "[CP] Embed Pods Frameworks";
			outputPaths = (
			);
			runOnlyForDeploymentPostprocessing = 0;
			shellPath = /bin/sh;
			shellScript = "\"${SRCROOT}/Pods/Target Support Files/Pods-XJWeiboTests/Pods-XJWeiboTests-frameworks.sh\"\n";
			showEnvVarsInLog = 0;
		};
/* End PBXShellScriptBuildPhase section */

/* Begin PBXSourcesBuildPhase section */
		36A73E1A1D6FDECA00D2DC85 /* Sources */ = {
			isa = PBXSourcesBuildPhase;
			buildActionMask = 2147483647;
			files = (
				3689D97A1D7AC8E7002F8147 /* XJEmoticonViewController.swift in Sources */,
				368CCE531D76B310000AB800 /* XJUser.swift in Sources */,
				36A73E981D6FEFE000D2DC85 /* XJHomeTableViewController.swift in Sources */,
				36EFDC251D756A79008E4FEF /* XJUserAccount.swift in Sources */,
				36FAEB1F1D742E7300262926 /* XJPopoverAnimator.swift in Sources */,
				368CCE571D76E31C000AB800 /* UILabel+XJExtension.swift in Sources */,
				36E50B3E1D73EB400012E4D2 /* UIBarButtonItem+XJEstension.swift in Sources */,
				36DF15B91D714666004F009D /* XJVisitorView.swift in Sources */,
				36A73E9A1D6FF06600D2DC85 /* XJDiscoverTableViewController.swift in Sources */,
				36D9C9601D77FC4E007665EC /* XJStatusTableViewTopView.swift in Sources */,
				364E3E401D794236001E98BC /* XJComposeViewController.swift in Sources */,
				3689D9771D7AC8E7002F8147 /* UITextView+Category.swift in Sources */,
				36A73E961D6FEFA400D2DC85 /* XJMainViewController.swift in Sources */,
				36FAEB1D1D74108800262926 /* XJPopoverPresentationController.swift in Sources */,
				36E50B401D73EBA00012E4D2 /* XJTitleButton.swift in Sources */,
				3689D9791D7AC8E7002F8147 /* XJEmoticonTextAttachment.swift in Sources */,
				36A73EAC1D70376400D2DC85 /* XJNullViewController.swift in Sources */,
				36A73E221D6FDECA00D2DC85 /* AppDelegate.swift in Sources */,
				36A73E9E1D6FF0B600D2DC85 /* XJProfileTableViewController.swift in Sources */,
				36DF15B71D7142DC004F009D /* XJBaseTableViewController.swift in Sources */,
				36EFDC231D755C03008E4FEF /* XJNetworkTools.swift in Sources */,
				368CCE5B1D77047B000AB800 /* NSDate+XJExtension.swift in Sources */,
				36FAEB241D7447DC00262926 /* XJQRCodeViewController.swift in Sources */,
				368CCE551D76BDAF000AB800 /* XJStatusTableViewCell.swift in Sources */,
				36EFDC211D753FFC008E4FEF /* XJOAuthViewController.swift in Sources */,
				36EFDC271D758C21008E4FEF /* String+XJExtension.swift in Sources */,
				368CCE4F1D767ACC000AB800 /* XJWelcomeViewController.swift in Sources */,
				368CCE511D769E0D000AB800 /* XJStatus.swift in Sources */,
				36A73E9C1D6FF09500D2DC85 /* XJMessageTableViewController.swift in Sources */,
				36D9C95E1D77FB29007665EC /* XJStatusTableViewBottomView.swift in Sources */,
				36D9C9621D78076B007665EC /* XJStatusForwardTableViewCell.swift in Sources */,
				36EFDC2A1D75BB9D008E4FEF /* XJNewfeatureCollectionViewController.swift in Sources */,
				3689D9781D7AC8E7002F8147 /* XJEmoticonPackage.swift in Sources */,
				368CCE591D76E352000AB800 /* XJUIButton+XJExtension.swift in Sources */,
			);
			runOnlyForDeploymentPostprocessing = 0;
		};
		36A73E2E1D6FDECA00D2DC85 /* Sources */ = {
			isa = PBXSourcesBuildPhase;
			buildActionMask = 2147483647;
			files = (
				36A73E371D6FDECA00D2DC85 /* XJWeiboTests.swift in Sources */,
			);
			runOnlyForDeploymentPostprocessing = 0;
		};
		36A73E391D6FDECA00D2DC85 /* Sources */ = {
			isa = PBXSourcesBuildPhase;
			buildActionMask = 2147483647;
			files = (
				36A73E421D6FDECA00D2DC85 /* XJWeiboUITests.swift in Sources */,
			);
			runOnlyForDeploymentPostprocessing = 0;
		};
/* End PBXSourcesBuildPhase section */

/* Begin PBXTargetDependency section */
		36A73E341D6FDECA00D2DC85 /* PBXTargetDependency */ = {
			isa = PBXTargetDependency;
			target = 36A73E1D1D6FDECA00D2DC85 /* XJWeibo */;
			targetProxy = 36A73E331D6FDECA00D2DC85 /* PBXContainerItemProxy */;
		};
		36A73E3F1D6FDECA00D2DC85 /* PBXTargetDependency */ = {
			isa = PBXTargetDependency;
			target = 36A73E1D1D6FDECA00D2DC85 /* XJWeibo */;
			targetProxy = 36A73E3E1D6FDECA00D2DC85 /* PBXContainerItemProxy */;
		};
/* End PBXTargetDependency section */

/* Begin XCBuildConfiguration section */
		36A73E441D6FDECA00D2DC85 /* Debug */ = {
			isa = XCBuildConfiguration;
			buildSettings = {
				ALWAYS_SEARCH_USER_PATHS = NO;
				CLANG_ANALYZER_NONNULL = YES;
				CLANG_CXX_LANGUAGE_STANDARD = "gnu++0x";
				CLANG_CXX_LIBRARY = "libc++";
				CLANG_ENABLE_MODULES = YES;
				CLANG_ENABLE_OBJC_ARC = YES;
				CLANG_WARN_BOOL_CONVERSION = YES;
				CLANG_WARN_CONSTANT_CONVERSION = YES;
				CLANG_WARN_DIRECT_OBJC_ISA_USAGE = YES_ERROR;
				CLANG_WARN_EMPTY_BODY = YES;
				CLANG_WARN_ENUM_CONVERSION = YES;
				CLANG_WARN_INT_CONVERSION = YES;
				CLANG_WARN_OBJC_ROOT_CLASS = YES_ERROR;
				CLANG_WARN_UNREACHABLE_CODE = YES;
				CLANG_WARN__DUPLICATE_METHOD_MATCH = YES;
				"CODE_SIGN_IDENTITY[sdk=iphoneos*]" = "iPhone Developer";
				COPY_PHASE_STRIP = NO;
				DEBUG_INFORMATION_FORMAT = dwarf;
				ENABLE_STRICT_OBJC_MSGSEND = YES;
				ENABLE_TESTABILITY = YES;
				GCC_C_LANGUAGE_STANDARD = gnu99;
				GCC_DYNAMIC_NO_PIC = NO;
				GCC_NO_COMMON_BLOCKS = YES;
				GCC_OPTIMIZATION_LEVEL = 0;
				GCC_PREPROCESSOR_DEFINITIONS = (
					"DEBUG=1",
					"$(inherited)",
				);
				GCC_WARN_64_TO_32_BIT_CONVERSION = YES;
				GCC_WARN_ABOUT_RETURN_TYPE = YES_ERROR;
				GCC_WARN_UNDECLARED_SELECTOR = YES;
				GCC_WARN_UNINITIALIZED_AUTOS = YES_AGGRESSIVE;
				GCC_WARN_UNUSED_FUNCTION = YES;
				GCC_WARN_UNUSED_VARIABLE = YES;
				IPHONEOS_DEPLOYMENT_TARGET = 9.3;
				MTL_ENABLE_DEBUG_INFO = YES;
				ONLY_ACTIVE_ARCH = YES;
				SDKROOT = iphoneos;
				SWIFT_OPTIMIZATION_LEVEL = "-Onone";
			};
			name = Debug;
		};
		36A73E451D6FDECA00D2DC85 /* Release */ = {
			isa = XCBuildConfiguration;
			buildSettings = {
				ALWAYS_SEARCH_USER_PATHS = NO;
				CLANG_ANALYZER_NONNULL = YES;
				CLANG_CXX_LANGUAGE_STANDARD = "gnu++0x";
				CLANG_CXX_LIBRARY = "libc++";
				CLANG_ENABLE_MODULES = YES;
				CLANG_ENABLE_OBJC_ARC = YES;
				CLANG_WARN_BOOL_CONVERSION = YES;
				CLANG_WARN_CONSTANT_CONVERSION = YES;
				CLANG_WARN_DIRECT_OBJC_ISA_USAGE = YES_ERROR;
				CLANG_WARN_EMPTY_BODY = YES;
				CLANG_WARN_ENUM_CONVERSION = YES;
				CLANG_WARN_INT_CONVERSION = YES;
				CLANG_WARN_OBJC_ROOT_CLASS = YES_ERROR;
				CLANG_WARN_UNREACHABLE_CODE = YES;
				CLANG_WARN__DUPLICATE_METHOD_MATCH = YES;
				"CODE_SIGN_IDENTITY[sdk=iphoneos*]" = "iPhone Developer";
				COPY_PHASE_STRIP = NO;
				DEBUG_INFORMATION_FORMAT = "dwarf-with-dsym";
				ENABLE_NS_ASSERTIONS = NO;
				ENABLE_STRICT_OBJC_MSGSEND = YES;
				GCC_C_LANGUAGE_STANDARD = gnu99;
				GCC_NO_COMMON_BLOCKS = YES;
				GCC_WARN_64_TO_32_BIT_CONVERSION = YES;
				GCC_WARN_ABOUT_RETURN_TYPE = YES_ERROR;
				GCC_WARN_UNDECLARED_SELECTOR = YES;
				GCC_WARN_UNINITIALIZED_AUTOS = YES_AGGRESSIVE;
				GCC_WARN_UNUSED_FUNCTION = YES;
				GCC_WARN_UNUSED_VARIABLE = YES;
				IPHONEOS_DEPLOYMENT_TARGET = 9.3;
				MTL_ENABLE_DEBUG_INFO = NO;
				SDKROOT = iphoneos;
				VALIDATE_PRODUCT = YES;
			};
			name = Release;
		};
		36A73E471D6FDECA00D2DC85 /* Debug */ = {
			isa = XCBuildConfiguration;
			baseConfigurationReference = 635AA8246BD90D85E43EC06B /* Pods-XJWeibo.debug.xcconfig */;
			buildSettings = {
				ASSETCATALOG_COMPILER_APPICON_NAME = AppIcon;
				ASSETCATALOG_COMPILER_LAUNCHIMAGE_NAME = LaunchImage;
				CODE_SIGN_IDENTITY = "iPhone Developer";
				"CODE_SIGN_IDENTITY[sdk=iphoneos*]" = "iPhone Developer";
				INFOPLIST_FILE = XJWeibo/Info.plist;
				IPHONEOS_DEPLOYMENT_TARGET = 9.3;
				LD_RUNPATH_SEARCH_PATHS = "$(inherited) @executable_path/Frameworks";
				PRODUCT_BUNDLE_IDENTIFIER = com.xjswift.www.XJWeibo;
				PRODUCT_NAME = "大微博";
				PROVISIONING_PROFILE = "";
			};
			name = Debug;
		};
		36A73E481D6FDECA00D2DC85 /* Release */ = {
			isa = XCBuildConfiguration;
			baseConfigurationReference = 9EB5D9B3173519E037FC7C06 /* Pods-XJWeibo.release.xcconfig */;
			buildSettings = {
				ASSETCATALOG_COMPILER_APPICON_NAME = AppIcon;
				ASSETCATALOG_COMPILER_LAUNCHIMAGE_NAME = LaunchImage;
				CODE_SIGN_IDENTITY = "iPhone Developer";
				"CODE_SIGN_IDENTITY[sdk=iphoneos*]" = "iPhone Developer";
				INFOPLIST_FILE = XJWeibo/Info.plist;
				IPHONEOS_DEPLOYMENT_TARGET = 9.3;
				LD_RUNPATH_SEARCH_PATHS = "$(inherited) @executable_path/Frameworks";
				PRODUCT_BUNDLE_IDENTIFIER = com.xjswift.www.XJWeibo;
				PRODUCT_NAME = "大微博";
				PROVISIONING_PROFILE = "";
			};
			name = Release;
		};
		36A73E4A1D6FDECA00D2DC85 /* Debug */ = {
			isa = XCBuildConfiguration;
			baseConfigurationReference = 12384ED977A707C6240A3181 /* Pods-XJWeiboTests.debug.xcconfig */;
			buildSettings = {
				BUNDLE_LOADER = "$(TEST_HOST)";
				INFOPLIST_FILE = XJWeiboTests/Info.plist;
				LD_RUNPATH_SEARCH_PATHS = "$(inherited) @executable_path/Frameworks @loader_path/Frameworks";
				PRODUCT_BUNDLE_IDENTIFIER = com.xjswift.www.XJWeiboTests;
				PRODUCT_NAME = "$(TARGET_NAME)";
				TEST_HOST = "$(BUILT_PRODUCTS_DIR)/XJWeibo.app/XJWeibo";
			};
			name = Debug;
		};
		36A73E4B1D6FDECA00D2DC85 /* Release */ = {
			isa = XCBuildConfiguration;
			baseConfigurationReference = F9822152957E66BBDAE2D30B /* Pods-XJWeiboTests.release.xcconfig */;
			buildSettings = {
				BUNDLE_LOADER = "$(TEST_HOST)";
				INFOPLIST_FILE = XJWeiboTests/Info.plist;
				LD_RUNPATH_SEARCH_PATHS = "$(inherited) @executable_path/Frameworks @loader_path/Frameworks";
				PRODUCT_BUNDLE_IDENTIFIER = com.xjswift.www.XJWeiboTests;
				PRODUCT_NAME = "$(TARGET_NAME)";
				TEST_HOST = "$(BUILT_PRODUCTS_DIR)/XJWeibo.app/XJWeibo";
			};
			name = Release;
		};
		36A73E4D1D6FDECA00D2DC85 /* Debug */ = {
			isa = XCBuildConfiguration;
			baseConfigurationReference = 9F6F0B575567BA6FCE770943 /* Pods-XJWeiboUITests.debug.xcconfig */;
			buildSettings = {
				INFOPLIST_FILE = XJWeiboUITests/Info.plist;
				LD_RUNPATH_SEARCH_PATHS = "$(inherited) @executable_path/Frameworks @loader_path/Frameworks";
				PRODUCT_BUNDLE_IDENTIFIER = com.xjswift.www.XJWeiboUITests;
				PRODUCT_NAME = "$(TARGET_NAME)";
				TEST_TARGET_NAME = XJWeibo;
			};
			name = Debug;
		};
		36A73E4E1D6FDECA00D2DC85 /* Release */ = {
			isa = XCBuildConfiguration;
			baseConfigurationReference = 561907C75F26E69D164A9286 /* Pods-XJWeiboUITests.release.xcconfig */;
			buildSettings = {
				INFOPLIST_FILE = XJWeiboUITests/Info.plist;
				LD_RUNPATH_SEARCH_PATHS = "$(inherited) @executable_path/Frameworks @loader_path/Frameworks";
				PRODUCT_BUNDLE_IDENTIFIER = com.xjswift.www.XJWeiboUITests;
				PRODUCT_NAME = "$(TARGET_NAME)";
				TEST_TARGET_NAME = XJWeibo;
			};
			name = Release;
		};
/* End XCBuildConfiguration section */

/* Begin XCConfigurationList section */
		36A73E191D6FDECA00D2DC85 /* Build configuration list for PBXProject "XJWeibo" */ = {
			isa = XCConfigurationList;
			buildConfigurations = (
				36A73E441D6FDECA00D2DC85 /* Debug */,
				36A73E451D6FDECA00D2DC85 /* Release */,
			);
			defaultConfigurationIsVisible = 0;
			defaultConfigurationName = Release;
		};
		36A73E461D6FDECA00D2DC85 /* Build configuration list for PBXNativeTarget "XJWeibo" */ = {
			isa = XCConfigurationList;
			buildConfigurations = (
				36A73E471D6FDECA00D2DC85 /* Debug */,
				36A73E481D6FDECA00D2DC85 /* Release */,
			);
			defaultConfigurationIsVisible = 0;
			defaultConfigurationName = Release;
		};
		36A73E491D6FDECA00D2DC85 /* Build configuration list for PBXNativeTarget "XJWeiboTests" */ = {
			isa = XCConfigurationList;
			buildConfigurations = (
				36A73E4A1D6FDECA00D2DC85 /* Debug */,
				36A73E4B1D6FDECA00D2DC85 /* Release */,
			);
			defaultConfigurationIsVisible = 0;
			defaultConfigurationName = Release;
		};
		36A73E4C1D6FDECA00D2DC85 /* Build configuration list for PBXNativeTarget "XJWeiboUITests" */ = {
			isa = XCConfigurationList;
			buildConfigurations = (
				36A73E4D1D6FDECA00D2DC85 /* Debug */,
				36A73E4E1D6FDECA00D2DC85 /* Release */,
			);
			defaultConfigurationIsVisible = 0;
			defaultConfigurationName = Release;
		};
/* End XCConfigurationList section */
	};
	rootObject = 36A73E161D6FDECA00D2DC85 /* Project object */;
}
